
Microsoft Visual Studio Solution File, Format Version 12.00
# Visual Studio Version 16
VisualStudioVersion = 16.0.30204.135
MinimumVisualStudioVersion = 10.0.40219.1
Project("{FAE04EC0-301F-11D3-BF4B-00C04F79EFBC}") = "FirstStepsInProgramming", "FirstStepsInProgramming\FirstStepsInProgramming.csproj", "{A1E94610-B925-4CA3-987B-FCC80EA5B785}"
EndProject
Project("{FAE04EC0-301F-11D3-BF4B-00C04F79EFBC}") = "HelloSoftuni", "HelloSoftuni\HelloSoftuni.csproj", "{9E55E345-4AB1-4FE9-B627-2D41E30B4F1D}"
EndProject
Project("{FAE04EC0-301F-11D3-BF4B-00C04F79EFBC}") = "Numbers1To10", "Numbers1To10\Numbers1To10.csproj", "{5513F908-0E81-465C-B612-8336BBA2C7CB}"
EndProject
Global
	GlobalSection(SolutionConfigurationPlatforms) = preSolution
		Debug|Any CPU = Debug|Any CPU
		Release|Any CPU = Release|Any CPU
	EndGlobalSection
	GlobalSection(ProjectConfigurationPlatforms) = postSolution
		{A1E94610-B925-4CA3-987B-FCC80EA5B785}.Debug|Any CPU.ActiveCfg = Debug|Any CPU
		{A1E94610-B925-4CA3-987B-FCC80EA5B785}.Debug|Any CPU.Build.0 = Debug|Any CPU
		{A1E94610-B925-4CA3-987B-FCC80EA5B785}.Release|Any CPU.ActiveCfg = Release|Any CPU
		{A1E94610-B925-4CA3-987B-FCC80EA5B785}.Release|Any CPU.Build.0 = Release|Any CPU
		{9E55E345-4AB1-4FE9-B627-2D41E30B4F1D}.Debug|Any CPU.ActiveCfg = Debug|Any CPU
		{9E55E345-4AB1-4FE9-B627-2D41E30B4F1D}.Debug|Any CPU.Build.0 = Debug|Any CPU
		{9E55E345-4AB1-4FE9-B627-2D41E30B4F1D}.Release|Any CPU.ActiveCfg = Release|Any CPU
		{9E55E345-4AB1-4FE9-B627-2D41E30B4F1D}.Release|Any CPU.Build.0 = Release|Any CPU
		{5513F908-0E81-465C-B612-8336BBA2C7CB}.Debug|Any CPU.ActiveCfg = Debug|Any CPU
		{5513F908-0E81-465C-B612-8336BBA2C7CB}.Debug|Any CPU.Build.0 = Debug|Any CPU
		{5513F908-0E81-465C-B612-8336BBA2C7CB}.Release|Any CPU.ActiveCfg = Release|Any CPU
		{5513F908-0E81-465C-B612-8336BBA2C7CB}.Release|Any CPU.Build.0 = Release|Any CPU
	EndGlobalSection
	GlobalSection(SolutionProperties) = preSolution
		HideSolutionNode = FALSE
	EndGlobalSection
	GlobalSection(ExtensibilityGlobals) = postSolution
		SolutionGuid = {B4CE84DE-BC83-4362-872C-204F035972E1}
	EndGlobalSection
EndGlobal
